
Microsoft Visual Studio Solution File, Format Version 12.00
# Visual Studio Version 16
VisualStudioVersion = 16.0.31129.286
MinimumVisualStudioVersion = 10.0.40219.1
Project("{FAE04EC0-301F-11D3-BF4B-00C04F79EFBC}") = "SamplePayPalIntegration.Api", "SamplePayPalIntegration.Api\SamplePayPalIntegration.Api.csproj", "{94061DE5-D339-4A10-82A0-EFE16DE73192}"
EndProject
Global
	GlobalSection(SolutionConfigurationPlatforms) = preSolution
		Debug|Any CPU = Debug|Any CPU
		Release|Any CPU = Release|Any CPU
	EndGlobalSection
	GlobalSection(ProjectConfigurationPlatforms) = postSolution
		{94061DE5-D339-4A10-82A0-EFE16DE73192}.Debug|Any CPU.ActiveCfg = Debug|Any CPU
		{94061DE5-D339-4A10-82A0-EFE16DE73192}.Debug|Any CPU.Build.0 = Debug|Any CPU
		{94061DE5-D339-4A10-82A0-EFE16DE73192}.Release|Any CPU.ActiveCfg = Release|Any CPU
		{94061DE5-D339-4A10-82A0-EFE16DE73192}.Release|Any CPU.Build.0 = Release|Any CPU
	EndGlobalSection
	GlobalSection(SolutionProperties) = preSolution
		HideSolutionNode = FALSE
	EndGlobalSection
	GlobalSection(ExtensibilityGlobals) = postSolution
		SolutionGuid = {7E7AD1AB-16F7-4B1C-992F-E42786C2C07C}
	EndGlobalSection
EndGlobal
